<?xml version="1.0" encoding="UTF-8" standalone="yes" ?>
<CodeBlocks_project_file>
	<FileVersion major="1" minor="6" />
	<Project>
		<Option title="Charger" />
		<Option pch_mode="2" />
		<Option compiler="sdcc" />
		<Build>
			<Target title="Charger">
				<Option platforms="Unix;" />
				<Option output="$(TARGET_NAME).hex" prefix_auto="0" extension_auto="0" />
				<Option working_dir="" />
				<Option object_output="obj" />
				<Option type="5" />
				<Option compiler="sdcc" />
				<Compiler>
					<Add option="-mstm8 -pstm8" />
					<Add option="-DSTM8S105" />
				</Compiler>
			</Target>
		</Build>
		<Compiler>
			<Add option="--opt-code-size" />
			<Add directory="../STM8S_lib/inc" />
		</Compiler>
		<Linker>
			<Add library="../STM8S_lib/lib/libSTM8S.lib" />
			<Add directory="../STM8S_lib/lib" />
		</Linker>
		<Unit filename="main.c">
			<Option compilerVar="CC" />
		</Unit>
		<Extensions>
			<code_completion />
			<debugger />
		</Extensions>
	</Project>
</CodeBlocks_project_file>
